
Microsoft Visual Studio Solution File, Format Version 12.00
# Visual Studio Version 16
VisualStudioVersion = 16.0.31005.135
MinimumVisualStudioVersion = 10.0.40219.1
Project("{8BC9CEB8-8B4A-11D0-8D11-00A0C91BC942}") = "aip1", "aip1.vcxproj", "{B9553624-2130-4341-B39F-4DD30B19BD8C}"
EndProject
Global
	GlobalSection(SolutionConfigurationPlatforms) = preSolution
		Debug|x64 = Debug|x64
		Debug|x86 = Debug|x86
		Release|x64 = Release|x64
		Release|x86 = Release|x86
	EndGlobalSection
	GlobalSection(ProjectConfigurationPlatforms) = postSolution
		{B9553624-2130-4341-B39F-4DD30B19BD8C}.Debug|x64.ActiveCfg = Debug|x64
		{B9553624-2130-4341-B39F-4DD30B19BD8C}.Debug|x64.Build.0 = Debug|x64
		{B9553624-2130-4341-B39F-4DD30B19BD8C}.Debug|x86.ActiveCfg = Debug|Win32
		{B9553624-2130-4341-B39F-4DD30B19BD8C}.Debug|x86.Build.0 = Debug|Win32
		{B9553624-2130-4341-B39F-4DD30B19BD8C}.Release|x64.ActiveCfg = Release|x64
		{B9553624-2130-4341-B39F-4DD30B19BD8C}.Release|x64.Build.0 = Release|x64
		{B9553624-2130-4341-B39F-4DD30B19BD8C}.Release|x86.ActiveCfg = Release|Win32
		{B9553624-2130-4341-B39F-4DD30B19BD8C}.Release|x86.Build.0 = Release|Win32
	EndGlobalSection
	GlobalSection(SolutionProperties) = preSolution
		HideSolutionNode = FALSE
	EndGlobalSection
	GlobalSection(ExtensibilityGlobals) = postSolution
		SolutionGuid = {632CEE04-5C8C-4715-AE1A-86BB298C1872}
	EndGlobalSection
EndGlobal
